// !$*UTF8*$!
{
	archiveVersion = 1;
	classes = {
	};
	objectVersion = 46;
	objects = {

/* Begin PBXBuildFile section */
		84776CFB1C0B467A00100599 /* main.m in Sources */ = {isa = PBXBuildFile; fileRef = 84776CFA1C0B467A00100599 /* main.m */; };
		84776CFE1C0B467A00100599 /* AppDelegate.m in Sources */ = {isa = PBXBuildFile; fileRef = 84776CFD1C0B467A00100599 /* AppDelegate.m */; };
		84776D011C0B467A00100599 /* ViewController.m in Sources */ = {isa = PBXBuildFile; fileRef = 84776D001C0B467A00100599 /* ViewController.m */; };
		84776D041C0B467A00100599 /* Main.storyboard in Resources */ = {isa = PBXBuildFile; fileRef = 84776D021C0B467A00100599 /* Main.storyboard */; };
		84776D071C0B467A00100599 /* Parse_Object.xcdatamodeld in Sources */ = {isa = PBXBuildFile; fileRef = 84776D051C0B467A00100599 /* Parse_Object.xcdatamodeld */; };
		84776D091C0B467B00100599 /* Assets.xcassets in Resources */ = {isa = PBXBuildFile; fileRef = 84776D081C0B467B00100599 /* Assets.xcassets */; };
		84776D0C1C0B467B00100599 /* LaunchScreen.storyboard in Resources */ = {isa = PBXBuildFile; fileRef = 84776D0A1C0B467B00100599 /* LaunchScreen.storyboard */; };
		84776D4D1C0B47EF00100599 /* NSObject+SBJson.m in Sources */ = {isa = PBXBuildFile; fileRef = 84776D1B1C0B47EF00100599 /* NSObject+SBJson.m */; };
		84776D4E1C0B47EF00100599 /* SBJsonParser.m in Sources */ = {isa = PBXBuildFile; fileRef = 84776D1E1C0B47EF00100599 /* SBJsonParser.m */; };
		84776D4F1C0B47EF00100599 /* SBJsonStreamParser.m in Sources */ = {isa = PBXBuildFile; fileRef = 84776D201C0B47EF00100599 /* SBJsonStreamParser.m */; };
		84776D501C0B47EF00100599 /* SBJsonStreamParserAccumulator.m in Sources */ = {isa = PBXBuildFile; fileRef = 84776D221C0B47EF00100599 /* SBJsonStreamParserAccumulator.m */; };
		84776D511C0B47EF00100599 /* SBJsonStreamParserAdapter.m in Sources */ = {isa = PBXBuildFile; fileRef = 84776D241C0B47EF00100599 /* SBJsonStreamParserAdapter.m */; };
		84776D521C0B47EF00100599 /* SBJsonStreamParserState.m in Sources */ = {isa = PBXBuildFile; fileRef = 84776D261C0B47EF00100599 /* SBJsonStreamParserState.m */; };
		84776D531C0B47EF00100599 /* SBJsonStreamWriter.m in Sources */ = {isa = PBXBuildFile; fileRef = 84776D281C0B47EF00100599 /* SBJsonStreamWriter.m */; };
		84776D541C0B47EF00100599 /* SBJsonStreamWriterAccumulator.m in Sources */ = {isa = PBXBuildFile; fileRef = 84776D2A1C0B47EF00100599 /* SBJsonStreamWriterAccumulator.m */; };
		84776D551C0B47EF00100599 /* SBJsonStreamWriterState.m in Sources */ = {isa = PBXBuildFile; fileRef = 84776D2C1C0B47EF00100599 /* SBJsonStreamWriterState.m */; };
		84776D561C0B47EF00100599 /* SBJsonTokeniser.m in Sources */ = {isa = PBXBuildFile; fileRef = 84776D2E1C0B47EF00100599 /* SBJsonTokeniser.m */; };
		84776D571C0B47EF00100599 /* SBJsonUTF8Stream.m in Sources */ = {isa = PBXBuildFile; fileRef = 84776D301C0B47EF00100599 /* SBJsonUTF8Stream.m */; };
		84776D581C0B47EF00100599 /* SBJsonWriter.m in Sources */ = {isa = PBXBuildFile; fileRef = 84776D321C0B47EF00100599 /* SBJsonWriter.m */; };
		84776D591C0B47EF00100599 /* NSDictionary+ObjectMapper.m in Sources */ = {isa = PBXBuildFile; fileRef = 84776D361C0B47EF00100599 /* NSDictionary+ObjectMapper.m */; };
		84776D5A1C0B47EF00100599 /* NSObject+ObjectMapper.m in Sources */ = {isa = PBXBuildFile; fileRef = 84776D381C0B47EF00100599 /* NSObject+ObjectMapper.m */; };
		84776D5B1C0B47EF00100599 /* ManagedObjectInstanceProvider.m in Sources */ = {isa = PBXBuildFile; fileRef = 84776D3C1C0B47EF00100599 /* ManagedObjectInstanceProvider.m */; };
		84776D5C1C0B47EF00100599 /* ObjectInstanceProvider.m in Sources */ = {isa = PBXBuildFile; fileRef = 84776D3E1C0B47EF00100599 /* ObjectInstanceProvider.m */; };
		84776D5D1C0B47EF00100599 /* CommonLoggingProvider.m in Sources */ = {isa = PBXBuildFile; fileRef = 84776D411C0B47EF00100599 /* CommonLoggingProvider.m */; };
		84776D5E1C0B47EF00100599 /* InCodeMappingProvider.m in Sources */ = {isa = PBXBuildFile; fileRef = 84776D461C0B47EF00100599 /* InCodeMappingProvider.m */; };
		84776D5F1C0B47EF00100599 /* ObjectMapper.m in Sources */ = {isa = PBXBuildFile; fileRef = 84776D491C0B47EF00100599 /* ObjectMapper.m */; };
		84776D601C0B47EF00100599 /* ObjectMappingInfo.m in Sources */ = {isa = PBXBuildFile; fileRef = 84776D4B1C0B47EF00100599 /* ObjectMappingInfo.m */; };
		84776D631C0B492500100599 /* Parser.m in Sources */ = {isa = PBXBuildFile; fileRef = 84776D621C0B492500100599 /* Parser.m */; };
		84776D661C0B4ACD00100599 /* WebServices.m in Sources */ = {isa = PBXBuildFile; fileRef = 84776D651C0B4ACD00100599 /* WebServices.m */; };
		84776D691C0B4B1100100599 /* Declarations.m in Sources */ = {isa = PBXBuildFile; fileRef = 84776D681C0B4B1100100599 /* Declarations.m */; };
		84776D6C1C0B4B2B00100599 /* OCMapperConfig.m in Sources */ = {isa = PBXBuildFile; fileRef = 84776D6B1C0B4B2B00100599 /* OCMapperConfig.m */; };
		84776D701C0B560300100599 /* ObjectResponse.m in Sources */ = {isa = PBXBuildFile; fileRef = 84776D6F1C0B560300100599 /* ObjectResponse.m */; };
		84776D751C0B72BA00100599 /* WeatherResponse.m in Sources */ = {isa = PBXBuildFile; fileRef = 84776D741C0B72BA00100599 /* WeatherResponse.m */; };
/* End PBXBuildFile section */

/* Begin PBXFileReference section */
		84776CF61C0B467A00100599 /* Parse Object.app */ = {isa = PBXFileReference; explicitFileType = wrapper.application; includeInIndex = 0; path = "Parse Object.app"; sourceTree = BUILT_PRODUCTS_DIR; };
		84776CFA1C0B467A00100599 /* main.m */ = {isa = PBXFileReference; lastKnownFileType = sourcecode.c.objc; path = main.m; sourceTree = "<group>"; };
		84776CFC1C0B467A00100599 /* AppDelegate.h */ = {isa = PBXFileReference; lastKnownFileType = sourcecode.c.h; path = AppDelegate.h; sourceTree = "<group>"; };
		84776CFD1C0B467A00100599 /* AppDelegate.m */ = {isa = PBXFileReference; lastKnownFileType = sourcecode.c.objc; path = AppDelegate.m; sourceTree = "<group>"; };
		84776CFF1C0B467A00100599 /* ViewController.h */ = {isa = PBXFileReference; lastKnownFileType = sourcecode.c.h; path = ViewController.h; sourceTree = "<group>"; };
		84776D001C0B467A00100599 /* ViewController.m */ = {isa = PBXFileReference; lastKnownFileType = sourcecode.c.objc; path = ViewController.m; sourceTree = "<group>"; };
		84776D031C0B467A00100599 /* Base */ = {isa = PBXFileReference; lastKnownFileType = file.storyboard; name = Base; path = Base.lproj/Main.storyboard; sourceTree = "<group>"; };
		84776D061C0B467A00100599 /* Parse_Object.xcdatamodel */ = {isa = PBXFileReference; lastKnownFileType = wrapper.xcdatamodel; path = Parse_Object.xcdatamodel; sourceTree = "<group>"; };
		84776D081C0B467B00100599 /* Assets.xcassets */ = {isa = PBXFileReference; lastKnownFileType = folder.assetcatalog; path = Assets.xcassets; sourceTree = "<group>"; };
		84776D0B1C0B467B00100599 /* Base */ = {isa = PBXFileReference; lastKnownFileType = file.storyboard; name = Base; path = Base.lproj/LaunchScreen.storyboard; sourceTree = "<group>"; };
		84776D0D1C0B467B00100599 /* Info.plist */ = {isa = PBXFileReference; lastKnownFileType = text.plist.xml; path = Info.plist; sourceTree = "<group>"; };
		84776D1A1C0B47EF00100599 /* NSObject+SBJson.h */ = {isa = PBXFileReference; fileEncoding = 4; lastKnownFileType = sourcecode.c.h; path = "NSObject+SBJson.h"; sourceTree = "<group>"; };
		84776D1B1C0B47EF00100599 /* NSObject+SBJson.m */ = {isa = PBXFileReference; fileEncoding = 4; lastKnownFileType = sourcecode.c.objc; path = "NSObject+SBJson.m"; sourceTree = "<group>"; };
		84776D1C1C0B47EF00100599 /* SBJson.h */ = {isa = PBXFileReference; fileEncoding = 4; lastKnownFileType = sourcecode.c.h; path = SBJson.h; sourceTree = "<group>"; };
		84776D1D1C0B47EF00100599 /* SBJsonParser.h */ = {isa = PBXFileReference; fileEncoding = 4; lastKnownFileType = sourcecode.c.h; path = SBJsonParser.h; sourceTree = "<group>"; };
		84776D1E1C0B47EF00100599 /* SBJsonParser.m */ = {isa = PBXFileReference; fileEncoding = 4; lastKnownFileType = sourcecode.c.objc; path = SBJsonParser.m; sourceTree = "<group>"; };
		84776D1F1C0B47EF00100599 /* SBJsonStreamParser.h */ = {isa = PBXFileReference; fileEncoding = 4; lastKnownFileType = sourcecode.c.h; path = SBJsonStreamParser.h; sourceTree = "<group>"; };
		84776D201C0B47EF00100599 /* SBJsonStreamParser.m */ = {isa = PBXFileReference; fileEncoding = 4; lastKnownFileType = sourcecode.c.objc; path = SBJsonStreamParser.m; sourceTree = "<group>"; };
		84776D211C0B47EF00100599 /* SBJsonStreamParserAccumulator.h */ = {isa = PBXFileReference; fileEncoding = 4; lastKnownFileType = sourcecode.c.h; path = SBJsonStreamParserAccumulator.h; sourceTree = "<group>"; };
		84776D221C0B47EF00100599 /* SBJsonStreamParserAccumulator.m */ = {isa = PBXFileReference; fileEncoding = 4; lastKnownFileType = sourcecode.c.objc; path = SBJsonStreamParserAccumulator.m; sourceTree = "<group>"; };
		84776D231C0B47EF00100599 /* SBJsonStreamParserAdapter.h */ = {isa = PBXFileReference; fileEncoding = 4; lastKnownFileType = sourcecode.c.h; path = SBJsonStreamParserAdapter.h; sourceTree = "<group>"; };
		84776D241C0B47EF00100599 /* SBJsonStreamParserAdapter.m */ = {isa = PBXFileReference; fileEncoding = 4; lastKnownFileType = sourcecode.c.objc; path = SBJsonStreamParserAdapter.m; sourceTree = "<group>"; };
		84776D251C0B47EF00100599 /* SBJsonStreamParserState.h */ = {isa = PBXFileReference; fileEncoding = 4; lastKnownFileType = sourcecode.c.h; path = SBJsonStreamParserState.h; sourceTree = "<group>"; };
		84776D261C0B47EF00100599 /* SBJsonStreamParserState.m */ = {isa = PBXFileReference; fileEncoding = 4; lastKnownFileType = sourcecode.c.objc; path = SBJsonStreamParserState.m; sourceTree = "<group>"; };
		84776D271C0B47EF00100599 /* SBJsonStreamWriter.h */ = {isa = PBXFileReference; fileEncoding = 4; lastKnownFileType = sourcecode.c.h; path = SBJsonStreamWriter.h; sourceTree = "<group>"; };
		84776D281C0B47EF00100599 /* SBJsonStreamWriter.m */ = {isa = PBXFileReference; fileEncoding = 4; lastKnownFileType = sourcecode.c.objc; path = SBJsonStreamWriter.m; sourceTree = "<group>"; };
		84776D291C0B47EF00100599 /* SBJsonStreamWriterAccumulator.h */ = {isa = PBXFileReference; fileEncoding = 4; lastKnownFileType = sourcecode.c.h; path = SBJsonStreamWriterAccumulator.h; sourceTree = "<group>"; };
		84776D2A1C0B47EF00100599 /* SBJsonStreamWriterAccumulator.m */ = {isa = PBXFileReference; fileEncoding = 4; lastKnownFileType = sourcecode.c.objc; path = SBJsonStreamWriterAccumulator.m; sourceTree = "<group>"; };
		84776D2B1C0B47EF00100599 /* SBJsonStreamWriterState.h */ = {isa = PBXFileReference; fileEncoding = 4; lastKnownFileType = sourcecode.c.h; path = SBJsonStreamWriterState.h; sourceTree = "<group>"; };
		84776D2C1C0B47EF00100599 /* SBJsonStreamWriterState.m */ = {isa = PBXFileReference; fileEncoding = 4; lastKnownFileType = sourcecode.c.objc; path = SBJsonStreamWriterState.m; sourceTree = "<group>"; };
		84776D2D1C0B47EF00100599 /* SBJsonTokeniser.h */ = {isa = PBXFileReference; fileEncoding = 4; lastKnownFileType = sourcecode.c.h; path = SBJsonTokeniser.h; sourceTree = "<group>"; };
		84776D2E1C0B47EF00100599 /* SBJsonTokeniser.m */ = {isa = PBXFileReference; fileEncoding = 4; lastKnownFileType = sourcecode.c.objc; path = SBJsonTokeniser.m; sourceTree = "<group>"; };
		84776D2F1C0B47EF00100599 /* SBJsonUTF8Stream.h */ = {isa = PBXFileReference; fileEncoding = 4; lastKnownFileType = sourcecode.c.h; path = SBJsonUTF8Stream.h; sourceTree = "<group>"; };
		84776D301C0B47EF00100599 /* SBJsonUTF8Stream.m */ = {isa = PBXFileReference; fileEncoding = 4; lastKnownFileType = sourcecode.c.objc; path = SBJsonUTF8Stream.m; sourceTree = "<group>"; };
		84776D311C0B47EF00100599 /* SBJsonWriter.h */ = {isa = PBXFileReference; fileEncoding = 4; lastKnownFileType = sourcecode.c.h; path = SBJsonWriter.h; sourceTree = "<group>"; };
		84776D321C0B47EF00100599 /* SBJsonWriter.m */ = {isa = PBXFileReference; fileEncoding = 4; lastKnownFileType = sourcecode.c.objc; path = SBJsonWriter.m; sourceTree = "<group>"; };
		84776D351C0B47EF00100599 /* NSDictionary+ObjectMapper.h */ = {isa = PBXFileReference; fileEncoding = 4; lastKnownFileType = sourcecode.c.h; path = "NSDictionary+ObjectMapper.h"; sourceTree = "<group>"; };
		84776D361C0B47EF00100599 /* NSDictionary+ObjectMapper.m */ = {isa = PBXFileReference; fileEncoding = 4; lastKnownFileType = sourcecode.c.objc; path = "NSDictionary+ObjectMapper.m"; sourceTree = "<group>"; };
		84776D371C0B47EF00100599 /* NSObject+ObjectMapper.h */ = {isa = PBXFileReference; fileEncoding = 4; lastKnownFileType = sourcecode.c.h; path = "NSObject+ObjectMapper.h"; sourceTree = "<group>"; };
		84776D381C0B47EF00100599 /* NSObject+ObjectMapper.m */ = {isa = PBXFileReference; fileEncoding = 4; lastKnownFileType = sourcecode.c.objc; path = "NSObject+ObjectMapper.m"; sourceTree = "<group>"; };
		84776D3A1C0B47EF00100599 /* InstanceProvider.h */ = {isa = PBXFileReference; fileEncoding = 4; lastKnownFileType = sourcecode.c.h; path = InstanceProvider.h; sourceTree = "<group>"; };
		84776D3B1C0B47EF00100599 /* ManagedObjectInstanceProvider.h */ = {isa = PBXFileReference; fileEncoding = 4; lastKnownFileType = sourcecode.c.h; path = ManagedObjectInstanceProvider.h; sourceTree = "<group>"; };
		84776D3C1C0B47EF00100599 /* ManagedObjectInstanceProvider.m */ = {isa = PBXFileReference; fileEncoding = 4; lastKnownFileType = sourcecode.c.objc; path = ManagedObjectInstanceProvider.m; sourceTree = "<group>"; };
		84776D3D1C0B47EF00100599 /* ObjectInstanceProvider.h */ = {isa = PBXFileReference; fileEncoding = 4; lastKnownFileType = sourcecode.c.h; path = ObjectInstanceProvider.h; sourceTree = "<group>"; };
		84776D3E1C0B47EF00100599 /* ObjectInstanceProvider.m */ = {isa = PBXFileReference; fileEncoding = 4; lastKnownFileType = sourcecode.c.objc; path = ObjectInstanceProvider.m; sourceTree = "<group>"; };
		84776D401C0B47EF00100599 /* CommonLoggingProvider.h */ = {isa = PBXFileReference; fileEncoding = 4; lastKnownFileType = sourcecode.c.h; path = CommonLoggingProvider.h; sourceTree = "<group>"; };
		84776D411C0B47EF00100599 /* CommonLoggingProvider.m */ = {isa = PBXFileReference; fileEncoding = 4; lastKnownFileType = sourcecode.c.objc; path = CommonLoggingProvider.m; sourceTree = "<group>"; };
		84776D421C0B47EF00100599 /* LoggingProvider.h */ = {isa = PBXFileReference; fileEncoding = 4; lastKnownFileType = sourcecode.c.h; path = LoggingProvider.h; sourceTree = "<group>"; };
		84776D451C0B47EF00100599 /* InCodeMappingProvider.h */ = {isa = PBXFileReference; fileEncoding = 4; lastKnownFileType = sourcecode.c.h; path = InCodeMappingProvider.h; sourceTree = "<group>"; };
		84776D461C0B47EF00100599 /* InCodeMappingProvider.m */ = {isa = PBXFileReference; fileEncoding = 4; lastKnownFileType = sourcecode.c.objc; path = InCodeMappingProvider.m; sourceTree = "<group>"; };
		84776D471C0B47EF00100599 /* MappingProvider.h */ = {isa = PBXFileReference; fileEncoding = 4; lastKnownFileType = sourcecode.c.h; path = MappingProvider.h; sourceTree = "<group>"; };
		84776D481C0B47EF00100599 /* ObjectMapper.h */ = {isa = PBXFileReference; fileEncoding = 4; lastKnownFileType = sourcecode.c.h; path = ObjectMapper.h; sourceTree = "<group>"; };
		84776D491C0B47EF00100599 /* ObjectMapper.m */ = {isa = PBXFileReference; fileEncoding = 4; lastKnownFileType = sourcecode.c.objc; path = ObjectMapper.m; sourceTree = "<group>"; };
		84776D4A1C0B47EF00100599 /* ObjectMappingInfo.h */ = {isa = PBXFileReference; fileEncoding = 4; lastKnownFileType = sourcecode.c.h; path = ObjectMappingInfo.h; sourceTree = "<group>"; };
		84776D4B1C0B47EF00100599 /* ObjectMappingInfo.m */ = {isa = PBXFileReference; fileEncoding = 4; lastKnownFileType = sourcecode.c.objc; path = ObjectMappingInfo.m; sourceTree = "<group>"; };
		84776D4C1C0B47EF00100599 /* OCMapper.h */ = {isa = PBXFileReference; fileEncoding = 4; lastKnownFileType = sourcecode.c.h; path = OCMapper.h; sourceTree = "<group>"; };
		84776D611C0B492500100599 /* Parser.h */ = {isa = PBXFileReference; fileEncoding = 4; lastKnownFileType = sourcecode.c.h; path = Parser.h; sourceTree = "<group>"; };
		84776D621C0B492500100599 /* Parser.m */ = {isa = PBXFileReference; fileEncoding = 4; lastKnownFileType = sourcecode.c.objc; path = Parser.m; sourceTree = "<group>"; };
		84776D641C0B4ACD00100599 /* WebServices.h */ = {isa = PBXFileReference; fileEncoding = 4; lastKnownFileType = sourcecode.c.h; path = WebServices.h; sourceTree = "<group>"; };
		84776D651C0B4ACD00100599 /* WebServices.m */ = {isa = PBXFileReference; fileEncoding = 4; lastKnownFileType = sourcecode.c.objc; path = WebServices.m; sourceTree = "<group>"; };
		84776D671C0B4B1100100599 /* Declarations.h */ = {isa = PBXFileReference; fileEncoding = 4; lastKnownFileType = sourcecode.c.h; path = Declarations.h; sourceTree = "<group>"; };
		84776D681C0B4B1100100599 /* Declarations.m */ = {isa = PBXFileReference; fileEncoding = 4; lastKnownFileType = sourcecode.c.objc; path = Declarations.m; sourceTree = "<group>"; };
		84776D6A1C0B4B2B00100599 /* OCMapperConfig.h */ = {isa = PBXFileReference; fileEncoding = 4; lastKnownFileType = sourcecode.c.h; path = OCMapperConfig.h; sourceTree = "<group>"; };
		84776D6B1C0B4B2B00100599 /* OCMapperConfig.m */ = {isa = PBXFileReference; fileEncoding = 4; lastKnownFileType = sourcecode.c.objc; path = OCMapperConfig.m; sourceTree = "<group>"; };
		84776D6E1C0B560300100599 /* ObjectResponse.h */ = {isa = PBXFileReference; fileEncoding = 4; lastKnownFileType = sourcecode.c.h; path = ObjectResponse.h; sourceTree = "<group>"; };
		84776D6F1C0B560300100599 /* ObjectResponse.m */ = {isa = PBXFileReference; fileEncoding = 4; lastKnownFileType = sourcecode.c.objc; path = ObjectResponse.m; sourceTree = "<group>"; };
		84776D731C0B72BA00100599 /* WeatherResponse.h */ = {isa = PBXFileReference; fileEncoding = 4; lastKnownFileType = sourcecode.c.h; path = WeatherResponse.h; sourceTree = "<group>"; };
		84776D741C0B72BA00100599 /* WeatherResponse.m */ = {isa = PBXFileReference; fileEncoding = 4; lastKnownFileType = sourcecode.c.objc; path = WeatherResponse.m; sourceTree = "<group>"; };
/* End PBXFileReference section */

/* Begin PBXFrameworksBuildPhase section */
		84776CF31C0B467A00100599 /* Frameworks */ = {
			isa = PBXFrameworksBuildPhase;
			buildActionMask = 2147483647;
			files = (
			);
			runOnlyForDeploymentPostprocessing = 0;
		};
/* End PBXFrameworksBuildPhase section */

/* Begin PBXGroup section */
		84776CED1C0B467900100599 = {
			isa = PBXGroup;
			children = (
				84776CF81C0B467A00100599 /* Parse Object */,
				84776CF71C0B467A00100599 /* Products */,
			);
			sourceTree = "<group>";
		};
		84776CF71C0B467A00100599 /* Products */ = {
			isa = PBXGroup;
			children = (
				84776CF61C0B467A00100599 /* Parse Object.app */,
			);
			name = Products;
			sourceTree = "<group>";
		};
		84776CF81C0B467A00100599 /* Parse Object */ = {
			isa = PBXGroup;
			children = (
				849DF1D11C2CD8AB009B68D9 /* Classes */,
				84776D6D1C0B55D500100599 /* Models */,
				84776D141C0B469300100599 /* Controllers */,
				84776D131C0B468A00100599 /* Main */,
				84776D021C0B467A00100599 /* Main.storyboard */,
				84776D081C0B467B00100599 /* Assets.xcassets */,
				84776D0A1C0B467B00100599 /* LaunchScreen.storyboard */,
				84776D0D1C0B467B00100599 /* Info.plist */,
				84776D051C0B467A00100599 /* Parse_Object.xcdatamodeld */,
				84776CF91C0B467A00100599 /* Supporting Files */,
			);
			path = "Parse Object";
			sourceTree = "<group>";
		};
		84776CF91C0B467A00100599 /* Supporting Files */ = {
			isa = PBXGroup;
			children = (
				84776CFA1C0B467A00100599 /* main.m */,
			);
			name = "Supporting Files";
			sourceTree = "<group>";
		};
		84776D131C0B468A00100599 /* Main */ = {
			isa = PBXGroup;
			children = (
				84776CFC1C0B467A00100599 /* AppDelegate.h */,
				84776CFD1C0B467A00100599 /* AppDelegate.m */,
				84776D611C0B492500100599 /* Parser.h */,
				84776D621C0B492500100599 /* Parser.m */,
				84776D641C0B4ACD00100599 /* WebServices.h */,
				84776D651C0B4ACD00100599 /* WebServices.m */,
				84776D671C0B4B1100100599 /* Declarations.h */,
				84776D681C0B4B1100100599 /* Declarations.m */,
				84776D6A1C0B4B2B00100599 /* OCMapperConfig.h */,
				84776D6B1C0B4B2B00100599 /* OCMapperConfig.m */,
			);
			name = Main;
			sourceTree = "<group>";
		};
		84776D141C0B469300100599 /* Controllers */ = {
			isa = PBXGroup;
			children = (
				84776CFF1C0B467A00100599 /* ViewController.h */,
				84776D001C0B467A00100599 /* ViewController.m */,
			);
			name = Controllers;
			sourceTree = "<group>";
		};
		84776D191C0B47EF00100599 /* json */ = {
			isa = PBXGroup;
			children = (
				84776D1A1C0B47EF00100599 /* NSObject+SBJson.h */,
				84776D1B1C0B47EF00100599 /* NSObject+SBJson.m */,
				84776D1C1C0B47EF00100599 /* SBJson.h */,
				84776D1D1C0B47EF00100599 /* SBJsonParser.h */,
				84776D1E1C0B47EF00100599 /* SBJsonParser.m */,
				84776D1F1C0B47EF00100599 /* SBJsonStreamParser.h */,
				84776D201C0B47EF00100599 /* SBJsonStreamParser.m */,
				84776D211C0B47EF00100599 /* SBJsonStreamParserAccumulator.h */,
				84776D221C0B47EF00100599 /* SBJsonStreamParserAccumulator.m */,
				84776D231C0B47EF00100599 /* SBJsonStreamParserAdapter.h */,
				84776D241C0B47EF00100599 /* SBJsonStreamParserAdapter.m */,
				84776D251C0B47EF00100599 /* SBJsonStreamParserState.h */,
				84776D261C0B47EF00100599 /* SBJsonStreamParserState.m */,
				84776D271C0B47EF00100599 /* SBJsonStreamWriter.h */,
				84776D281C0B47EF00100599 /* SBJsonStreamWriter.m */,
				84776D291C0B47EF00100599 /* SBJsonStreamWriterAccumulator.h */,
				84776D2A1C0B47EF00100599 /* SBJsonStreamWriterAccumulator.m */,
				84776D2B1C0B47EF00100599 /* SBJsonStreamWriterState.h */,
				84776D2C1C0B47EF00100599 /* SBJsonStreamWriterState.m */,
				84776D2D1C0B47EF00100599 /* SBJsonTokeniser.h */,
				84776D2E1C0B47EF00100599 /* SBJsonTokeniser.m */,
				84776D2F1C0B47EF00100599 /* SBJsonUTF8Stream.h */,
				84776D301C0B47EF00100599 /* SBJsonUTF8Stream.m */,
				84776D311C0B47EF00100599 /* SBJsonWriter.h */,
				84776D321C0B47EF00100599 /* SBJsonWriter.m */,
			);
			path = json;
			sourceTree = "<group>";
		};
		84776D331C0B47EF00100599 /* ocmapper */ = {
			isa = PBXGroup;
			children = (
				84776D341C0B47EF00100599 /* Categories */,
				84776D391C0B47EF00100599 /* Instance Provider */,
				84776D3F1C0B47EF00100599 /* Logging Provider */,
				84776D431C0B47EF00100599 /* Mapping Provider */,
				84776D481C0B47EF00100599 /* ObjectMapper.h */,
				84776D491C0B47EF00100599 /* ObjectMapper.m */,
				84776D4A1C0B47EF00100599 /* ObjectMappingInfo.h */,
				84776D4B1C0B47EF00100599 /* ObjectMappingInfo.m */,
				84776D4C1C0B47EF00100599 /* OCMapper.h */,
			);
			path = ocmapper;
			sourceTree = "<group>";
		};
		84776D341C0B47EF00100599 /* Categories */ = {
			isa = PBXGroup;
			children = (
				84776D351C0B47EF00100599 /* NSDictionary+ObjectMapper.h */,
				84776D361C0B47EF00100599 /* NSDictionary+ObjectMapper.m */,
				84776D371C0B47EF00100599 /* NSObject+ObjectMapper.h */,
				84776D381C0B47EF00100599 /* NSObject+ObjectMapper.m */,
			);
			path = Categories;
			sourceTree = "<group>";
		};
		84776D391C0B47EF00100599 /* Instance Provider */ = {
			isa = PBXGroup;
			children = (
				84776D3A1C0B47EF00100599 /* InstanceProvider.h */,
				84776D3B1C0B47EF00100599 /* ManagedObjectInstanceProvider.h */,
				84776D3C1C0B47EF00100599 /* ManagedObjectInstanceProvider.m */,
				84776D3D1C0B47EF00100599 /* ObjectInstanceProvider.h */,
				84776D3E1C0B47EF00100599 /* ObjectInstanceProvider.m */,
			);
			path = "Instance Provider";
			sourceTree = "<group>";
		};
		84776D3F1C0B47EF00100599 /* Logging Provider */ = {
			isa = PBXGroup;
			children = (
				84776D401C0B47EF00100599 /* CommonLoggingProvider.h */,
				84776D411C0B47EF00100599 /* CommonLoggingProvider.m */,
				84776D421C0B47EF00100599 /* LoggingProvider.h */,
			);
			path = "Logging Provider";
			sourceTree = "<group>";
		};
		84776D431C0B47EF00100599 /* Mapping Provider */ = {
			isa = PBXGroup;
			children = (
				84776D441C0B47EF00100599 /* In Code Mapping */,
				84776D471C0B47EF00100599 /* MappingProvider.h */,
			);
			path = "Mapping Provider";
			sourceTree = "<group>";
		};
		84776D441C0B47EF00100599 /* In Code Mapping */ = {
			isa = PBXGroup;
			children = (
				84776D451C0B47EF00100599 /* InCodeMappingProvider.h */,
				84776D461C0B47EF00100599 /* InCodeMappingProvider.m */,
			);
			path = "In Code Mapping";
			sourceTree = "<group>";
		};
		84776D6D1C0B55D500100599 /* Models */ = {
			isa = PBXGroup;
			children = (
				84776D721C0B727F00100599 /* Weather */,
				84776D711C0B561B00100599 /* General */,
			);
			name = Models;
			sourceTree = "<group>";
		};
		84776D711C0B561B00100599 /* General */ = {
			isa = PBXGroup;
			children = (
				84776D6E1C0B560300100599 /* ObjectResponse.h */,
				84776D6F1C0B560300100599 /* ObjectResponse.m */,
			);
			name = General;
			sourceTree = "<group>";
		};
		84776D721C0B727F00100599 /* Weather */ = {
			isa = PBXGroup;
			children = (
				84776D731C0B72BA00100599 /* WeatherResponse.h */,
				84776D741C0B72BA00100599 /* WeatherResponse.m */,
			);
			name = Weather;
			sourceTree = "<group>";
		};
		849DF1D11C2CD8AB009B68D9 /* Classes */ = {
			isa = PBXGroup;
			children = (
				84776D191C0B47EF00100599 /* json */,
				84776D331C0B47EF00100599 /* ocmapper */,
			);
			name = Classes;
			sourceTree = "<group>";
		};
/* End PBXGroup section */

/* Begin PBXNativeTarget section */
		84776CF51C0B467A00100599 /* Parse Object */ = {
			isa = PBXNativeTarget;
			buildConfigurationList = 84776D101C0B467B00100599 /* Build configuration list for PBXNativeTarget "Parse Object" */;
			buildPhases = (
				84776CF21C0B467A00100599 /* Sources */,
				84776CF31C0B467A00100599 /* Frameworks */,
				84776CF41C0B467A00100599 /* Resources */,
			);
			buildRules = (
			);
			dependencies = (
			);
			name = "Parse Object";
			productName = "Parse Object";
			productReference = 84776CF61C0B467A00100599 /* Parse Object.app */;
			productType = "com.apple.product-type.application";
		};
/* End PBXNativeTarget section */

/* Begin PBXProject section */
		84776CEE1C0B467A00100599 /* Project object */ = {
			isa = PBXProject;
			attributes = {
				LastUpgradeCheck = 0710;
				ORGANIZATIONNAME = chiuntisoft;
				TargetAttributes = {
					84776CF51C0B467A00100599 = {
						CreatedOnToolsVersion = 7.1.1;
					};
				};
			};
			buildConfigurationList = 84776CF11C0B467A00100599 /* Build configuration list for PBXProject "Parse Object" */;
			compatibilityVersion = "Xcode 3.2";
			developmentRegion = English;
			hasScannedForEncodings = 0;
			knownRegions = (
				en,
				Base,
			);
			mainGroup = 84776CED1C0B467900100599;
			productRefGroup = 84776CF71C0B467A00100599 /* Products */;
			projectDirPath = "";
			projectRoot = "";
			targets = (
				84776CF51C0B467A00100599 /* Parse Object */,
			);
		};
/* End PBXProject section */

/* Begin PBXResourcesBuildPhase section */
		84776CF41C0B467A00100599 /* Resources */ = {
			isa = PBXResourcesBuildPhase;
			buildActionMask = 2147483647;
			files = (
				84776D0C1C0B467B00100599 /* LaunchScreen.storyboard in Resources */,
				84776D091C0B467B00100599 /* Assets.xcassets in Resources */,
				84776D041C0B467A00100599 /* Main.storyboard in Resources */,
			);
			runOnlyForDeploymentPostprocessing = 0;
		};
/* End PBXResourcesBuildPhase section */

/* Begin PBXSourcesBuildPhase section */
		84776CF21C0B467A00100599 /* Sources */ = {
			isa = PBXSourcesBuildPhase;
			buildActionMask = 2147483647;
			files = (
				84776D5D1C0B47EF00100599 /* CommonLoggingProvider.m in Sources */,
				84776D011C0B467A00100599 /* ViewController.m in Sources */,
				84776CFE1C0B467A00100599 /* AppDelegate.m in Sources */,
				84776D541C0B47EF00100599 /* SBJsonStreamWriterAccumulator.m in Sources */,
				84776D5A1C0B47EF00100599 /* NSObject+ObjectMapper.m in Sources */,
				84776D501C0B47EF00100599 /* SBJsonStreamParserAccumulator.m in Sources */,
				84776D521C0B47EF00100599 /* SBJsonStreamParserState.m in Sources */,
				84776D591C0B47EF00100599 /* NSDictionary+ObjectMapper.m in Sources */,
				84776D6C1C0B4B2B00100599 /* OCMapperConfig.m in Sources */,
				84776D581C0B47EF00100599 /* SBJsonWriter.m in Sources */,
				84776D5E1C0B47EF00100599 /* InCodeMappingProvider.m in Sources */,
				84776D071C0B467A00100599 /* Parse_Object.xcdatamodeld in Sources */,
				84776D551C0B47EF00100599 /* SBJsonStreamWriterState.m in Sources */,
				84776D4E1C0B47EF00100599 /* SBJsonParser.m in Sources */,
				84776D571C0B47EF00100599 /* SBJsonUTF8Stream.m in Sources */,
				84776D631C0B492500100599 /* Parser.m in Sources */,
				84776D4F1C0B47EF00100599 /* SBJsonStreamParser.m in Sources */,
				84776D561C0B47EF00100599 /* SBJsonTokeniser.m in Sources */,
				84776D691C0B4B1100100599 /* Declarations.m in Sources */,
				84776D4D1C0B47EF00100599 /* NSObject+SBJson.m in Sources */,
				84776D661C0B4ACD00100599 /* WebServices.m in Sources */,
				84776CFB1C0B467A00100599 /* main.m in Sources */,
				84776D5F1C0B47EF00100599 /* ObjectMapper.m in Sources */,
				84776D531C0B47EF00100599 /* SBJsonStreamWriter.m in Sources */,
				84776D511C0B47EF00100599 /* SBJsonStreamParserAdapter.m in Sources */,
				84776D601C0B47EF00100599 /* ObjectMappingInfo.m in Sources */,
				84776D5C1C0B47EF00100599 /* ObjectInstanceProvider.m in Sources */,
				84776D701C0B560300100599 /* ObjectResponse.m in Sources */,
				84776D5B1C0B47EF00100599 /* ManagedObjectInstanceProvider.m in Sources */,
				84776D751C0B72BA00100599 /* WeatherResponse.m in Sources */,
			);
			runOnlyForDeploymentPostprocessing = 0;
		};
/* End PBXSourcesBuildPhase section */

/* Begin PBXVariantGroup section */
		84776D021C0B467A00100599 /* Main.storyboard */ = {
			isa = PBXVariantGroup;
			children = (
				84776D031C0B467A00100599 /* Base */,
			);
			name = Main.storyboard;
			sourceTree = "<group>";
		};
		84776D0A1C0B467B00100599 /* LaunchScreen.storyboard */ = {
			isa = PBXVariantGroup;
			children = (
				84776D0B1C0B467B00100599 /* Base */,
			);
			name = LaunchScreen.storyboard;
			sourceTree = "<group>";
		};
/* End PBXVariantGroup section */

/* Begin XCBuildConfiguration section */
		84776D0E1C0B467B00100599 /* Debug */ = {
			isa = XCBuildConfiguration;
			buildSettings = {
				ALWAYS_SEARCH_USER_PATHS = NO;
				CLANG_CXX_LANGUAGE_STANDARD = "gnu++0x";
				CLANG_CXX_LIBRARY = "libc++";
				CLANG_ENABLE_MODULES = YES;
				CLANG_ENABLE_OBJC_ARC = YES;
				CLANG_WARN_BOOL_CONVERSION = YES;
				CLANG_WARN_CONSTANT_CONVERSION = YES;
				CLANG_WARN_DIRECT_OBJC_ISA_USAGE = YES_ERROR;
				CLANG_WARN_EMPTY_BODY = YES;
				CLANG_WARN_ENUM_CONVERSION = YES;
				CLANG_WARN_INT_CONVERSION = YES;
				CLANG_WARN_OBJC_ROOT_CLASS = YES_ERROR;
				CLANG_WARN_UNREACHABLE_CODE = YES;
				CLANG_WARN__DUPLICATE_METHOD_MATCH = YES;
				"CODE_SIGN_IDENTITY[sdk=iphoneos*]" = "iPhone Developer";
				COPY_PHASE_STRIP = NO;
				DEBUG_INFORMATION_FORMAT = dwarf;
				ENABLE_STRICT_OBJC_MSGSEND = YES;
				ENABLE_TESTABILITY = YES;
				GCC_C_LANGUAGE_STANDARD = gnu99;
				GCC_DYNAMIC_NO_PIC = NO;
				GCC_NO_COMMON_BLOCKS = YES;
				GCC_OPTIMIZATION_LEVEL = 0;
				GCC_PREPROCESSOR_DEFINITIONS = (
					"DEBUG=1",
					"$(inherited)",
				);
				GCC_WARN_64_TO_32_BIT_CONVERSION = YES;
				GCC_WARN_ABOUT_RETURN_TYPE = YES_ERROR;
				GCC_WARN_UNDECLARED_SELECTOR = YES;
				GCC_WARN_UNINITIALIZED_AUTOS = YES_AGGRESSIVE;
				GCC_WARN_UNUSED_FUNCTION = YES;
				GCC_WARN_UNUSED_VARIABLE = YES;
				IPHONEOS_DEPLOYMENT_TARGET = 9.1;
				MTL_ENABLE_DEBUG_INFO = YES;
				ONLY_ACTIVE_ARCH = YES;
				SDKROOT = iphoneos;
			};
			name = Debug;
		};
		84776D0F1C0B467B00100599 /* Release */ = {
			isa = XCBuildConfiguration;
			buildSettings = {
				ALWAYS_SEARCH_USER_PATHS = NO;
				CLANG_CXX_LANGUAGE_STANDARD = "gnu++0x";
				CLANG_CXX_LIBRARY = "libc++";
				CLANG_ENABLE_MODULES = YES;
				CLANG_ENABLE_OBJC_ARC = YES;
				CLANG_WARN_BOOL_CONVERSION = YES;
				CLANG_WARN_CONSTANT_CONVERSION = YES;
				CLANG_WARN_DIRECT_OBJC_ISA_USAGE = YES_ERROR;
				CLANG_WARN_EMPTY_BODY = YES;
				CLANG_WARN_ENUM_CONVERSION = YES;
				CLANG_WARN_INT_CONVERSION = YES;
				CLANG_WARN_OBJC_ROOT_CLASS = YES_ERROR;
				CLANG_WARN_UNREACHABLE_CODE = YES;
				CLANG_WARN__DUPLICATE_METHOD_MATCH = YES;
				"CODE_SIGN_IDENTITY[sdk=iphoneos*]" = "iPhone Developer";
				COPY_PHASE_STRIP = NO;
				DEBUG_INFORMATION_FORMAT = "dwarf-with-dsym";
				ENABLE_NS_ASSERTIONS = NO;
				ENABLE_STRICT_OBJC_MSGSEND = YES;
				GCC_C_LANGUAGE_STANDARD = gnu99;
				GCC_NO_COMMON_BLOCKS = YES;
				GCC_WARN_64_TO_32_BIT_CONVERSION = YES;
				GCC_WARN_ABOUT_RETURN_TYPE = YES_ERROR;
				GCC_WARN_UNDECLARED_SELECTOR = YES;
				GCC_WARN_UNINITIALIZED_AUTOS = YES_AGGRESSIVE;
				GCC_WARN_UNUSED_FUNCTION = YES;
				GCC_WARN_UNUSED_VARIABLE = YES;
				IPHONEOS_DEPLOYMENT_TARGET = 9.1;
				MTL_ENABLE_DEBUG_INFO = NO;
				SDKROOT = iphoneos;
				VALIDATE_PRODUCT = YES;
			};
			name = Release;
		};
		84776D111C0B467B00100599 /* Debug */ = {
			isa = XCBuildConfiguration;
			buildSettings = {
				ASSETCATALOG_COMPILER_APPICON_NAME = AppIcon;
				INFOPLIST_FILE = "Parse Object/Info.plist";
				LD_RUNPATH_SEARCH_PATHS = "$(inherited) @executable_path/Frameworks";
				PRODUCT_BUNDLE_IDENTIFIER = "com.chiuntisoft.Parse-Object";
				PRODUCT_NAME = "$(TARGET_NAME)";
			};
			name = Debug;
		};
		84776D121C0B467B00100599 /* Release */ = {
			isa = XCBuildConfiguration;
			buildSettings = {
				ASSETCATALOG_COMPILER_APPICON_NAME = AppIcon;
				INFOPLIST_FILE = "Parse Object/Info.plist";
				LD_RUNPATH_SEARCH_PATHS = "$(inherited) @executable_path/Frameworks";
				PRODUCT_BUNDLE_IDENTIFIER = "com.chiuntisoft.Parse-Object";
				PRODUCT_NAME = "$(TARGET_NAME)";
			};
			name = Release;
		};
/* End XCBuildConfiguration section */

/* Begin XCConfigurationList section */
		84776CF11C0B467A00100599 /* Build configuration list for PBXProject "Parse Object" */ = {
			isa = XCConfigurationList;
			buildConfigurations = (
				84776D0E1C0B467B00100599 /* Debug */,
				84776D0F1C0B467B00100599 /* Release */,
			);
			defaultConfigurationIsVisible = 0;
			defaultConfigurationName = Release;
		};
		84776D101C0B467B00100599 /* Build configuration list for PBXNativeTarget "Parse Object" */ = {
			isa = XCConfigurationList;
			buildConfigurations = (
				84776D111C0B467B00100599 /* Debug */,
				84776D121C0B467B00100599 /* Release */,
			);
			defaultConfigurationIsVisible = 0;
			defaultConfigurationName = Release;
		};
/* End XCConfigurationList section */

/* Begin XCVersionGroup section */
		84776D051C0B467A00100599 /* Parse_Object.xcdatamodeld */ = {
			isa = XCVersionGroup;
			children = (
				84776D061C0B467A00100599 /* Parse_Object.xcdatamodel */,
			);
			currentVersion = 84776D061C0B467A00100599 /* Parse_Object.xcdatamodel */;
			path = Parse_Object.xcdatamodeld;
			sourceTree = "<group>";
			versionGroupType = wrapper.xcdatamodel;
		};
/* End XCVersionGroup section */
	};
	rootObject = 84776CEE1C0B467A00100599 /* Project object */;
}
